// !$*UTF8*$!
{
	archiveVersion = 1;
	classes = {
	};
	objectVersion = 55;
	objects = {

/* Begin PBXBuildFile section */
		7C26EA9C2886127E00D5F109 /* ProfileViewController.swift in Sources */ = {isa = PBXBuildFile; fileRef = 7C26EA9B2886127E00D5F109 /* ProfileViewController.swift */; };
		7C2F1C952A02E61F0010BCFC /* StorageManager.swift in Sources */ = {isa = PBXBuildFile; fileRef = 7C2F1C942A02E61F0010BCFC /* StorageManager.swift */; };
		7C6F620329D9B8B400300603 /* AuthinticationViewViewModel.swift in Sources */ = {isa = PBXBuildFile; fileRef = 7C6F620229D9B8B400300603 /* AuthinticationViewViewModel.swift */; };
		7C6F620629D9C1A900300603 /* AuthManager.swift in Sources */ = {isa = PBXBuildFile; fileRef = 7C6F620529D9C1A900300603 /* AuthManager.swift */; };
		7C6F620829D9F29D00300603 /* LoginViewController.swift in Sources */ = {isa = PBXBuildFile; fileRef = 7C6F620729D9F29D00300603 /* LoginViewController.swift */; };
		7C7EF4B329D615BC00336B62 /* GoogleService-Info.plist in Resources */ = {isa = PBXBuildFile; fileRef = 7C7EF4B229D615BC00336B62 /* GoogleService-Info.plist */; };
		7C7EF4B629D618CC00336B62 /* FirebaseAuth in Frameworks */ = {isa = PBXBuildFile; productRef = 7C7EF4B529D618CC00336B62 /* FirebaseAuth */; };
		7C7EF4B829D618CC00336B62 /* FirebaseAuthCombine-Community in Frameworks */ = {isa = PBXBuildFile; productRef = 7C7EF4B729D618CC00336B62 /* FirebaseAuthCombine-Community */; };
		7C7EF4BA29D618CC00336B62 /* FirebaseDatabase in Frameworks */ = {isa = PBXBuildFile; productRef = 7C7EF4B929D618CC00336B62 /* FirebaseDatabase */; };
		7C7EF4BC29D618CC00336B62 /* FirebaseDatabaseSwift in Frameworks */ = {isa = PBXBuildFile; productRef = 7C7EF4BB29D618CC00336B62 /* FirebaseDatabaseSwift */; };
		7C7EF4BE29D618CC00336B62 /* FirebaseFirestore in Frameworks */ = {isa = PBXBuildFile; productRef = 7C7EF4BD29D618CC00336B62 /* FirebaseFirestore */; };
		7C7EF4C029D618CC00336B62 /* FirebaseFirestoreCombine-Community in Frameworks */ = {isa = PBXBuildFile; productRef = 7C7EF4BF29D618CC00336B62 /* FirebaseFirestoreCombine-Community */; };
		7C7EF4C229D618CC00336B62 /* FirebaseFirestoreSwift in Frameworks */ = {isa = PBXBuildFile; productRef = 7C7EF4C129D618CC00336B62 /* FirebaseFirestoreSwift */; };
		7C7EF4C429D618CC00336B62 /* FirebaseStorage in Frameworks */ = {isa = PBXBuildFile; productRef = 7C7EF4C329D618CC00336B62 /* FirebaseStorage */; };
		7C7EF4C629D618CC00336B62 /* FirebaseStorageCombine-Community in Frameworks */ = {isa = PBXBuildFile; productRef = 7C7EF4C529D618CC00336B62 /* FirebaseStorageCombine-Community */; };
		7C7EF4C929D61ACB00336B62 /* OnboardingViewController.swift in Sources */ = {isa = PBXBuildFile; fileRef = 7C7EF4C829D61ACB00336B62 /* OnboardingViewController.swift */; };
		7C7EF4CB29D6247700336B62 /* RegisterViewController.swift in Sources */ = {isa = PBXBuildFile; fileRef = 7C7EF4CA29D6247700336B62 /* RegisterViewController.swift */; };
		7C85F7172884A49D00611904 /* TweetTableViewCell.swift in Sources */ = {isa = PBXBuildFile; fileRef = 7C85F7162884A49D00611904 /* TweetTableViewCell.swift */; };
		7CA998122874D3E6005CD7D1 /* AppDelegate.swift in Sources */ = {isa = PBXBuildFile; fileRef = 7CA998112874D3E6005CD7D1 /* AppDelegate.swift */; };
		7CA998142874D3E6005CD7D1 /* SceneDelegate.swift in Sources */ = {isa = PBXBuildFile; fileRef = 7CA998132874D3E6005CD7D1 /* SceneDelegate.swift */; };
		7CA998162874D3E6005CD7D1 /* MainTabBarViewController.swift in Sources */ = {isa = PBXBuildFile; fileRef = 7CA998152874D3E6005CD7D1 /* MainTabBarViewController.swift */; };
		7CA9981B2874D3E7005CD7D1 /* Assets.xcassets in Resources */ = {isa = PBXBuildFile; fileRef = 7CA9981A2874D3E7005CD7D1 /* Assets.xcassets */; };
		7CA9981E2874D3E7005CD7D1 /* LaunchScreen.storyboard in Resources */ = {isa = PBXBuildFile; fileRef = 7CA9981C2874D3E7005CD7D1 /* LaunchScreen.storyboard */; };
		7CA998282874D6C5005CD7D1 /* HomeViewController.swift in Sources */ = {isa = PBXBuildFile; fileRef = 7CA998272874D6C5005CD7D1 /* HomeViewController.swift */; };
		7CA9982A2874D6E1005CD7D1 /* SearchViewController.swift in Sources */ = {isa = PBXBuildFile; fileRef = 7CA998292874D6E1005CD7D1 /* SearchViewController.swift */; };
		7CA9982C2874D702005CD7D1 /* NotificationsViewController.swift in Sources */ = {isa = PBXBuildFile; fileRef = 7CA9982B2874D702005CD7D1 /* NotificationsViewController.swift */; };
		7CA9982E2874D747005CD7D1 /* DirectMessagesViewController.swift in Sources */ = {isa = PBXBuildFile; fileRef = 7CA9982D2874D747005CD7D1 /* DirectMessagesViewController.swift */; };
		7CC6BBB929DF445000D0AE0D /* TwitterUser.swift in Sources */ = {isa = PBXBuildFile; fileRef = 7CC6BBB829DF445000D0AE0D /* TwitterUser.swift */; };
		7CC6BBBB29DF457C00D0AE0D /* DatabaseManager.swift in Sources */ = {isa = PBXBuildFile; fileRef = 7CC6BBBA29DF457C00D0AE0D /* DatabaseManager.swift */; };
		7CC6BBBD29DF4A7F00D0AE0D /* HomeViewViewModel.swift in Sources */ = {isa = PBXBuildFile; fileRef = 7CC6BBBC29DF4A7F00D0AE0D /* HomeViewViewModel.swift */; };
		7CC6BBBF29DF50A400D0AE0D /* ProfileDataFormViewController.swift in Sources */ = {isa = PBXBuildFile; fileRef = 7CC6BBBE29DF50A400D0AE0D /* ProfileDataFormViewController.swift */; };
		7CC6BBC129DF51BE00D0AE0D /* ProfileDataFormViewViewModel.swift in Sources */ = {isa = PBXBuildFile; fileRef = 7CC6BBC029DF51BE00D0AE0D /* ProfileDataFormViewViewModel.swift */; };
		7CD405B529E3214A00B75D8A /* _UIImage.swift in Sources */ = {isa = PBXBuildFile; fileRef = 7CD405B429E3214A00B75D8A /* _UIImage.swift */; };
		7CFE37A6288891100009A074 /* ProfileTableViewHeader.swift in Sources */ = {isa = PBXBuildFile; fileRef = 7CFE37A5288891100009A074 /* ProfileTableViewHeader.swift */; };
/* End PBXBuildFile section */

/* Begin PBXFileReference section */
		7C26EA9B2886127E00D5F109 /* ProfileViewController.swift */ = {isa = PBXFileReference; lastKnownFileType = sourcecode.swift; path = ProfileViewController.swift; sourceTree = "<group>"; };
		7C2F1C942A02E61F0010BCFC /* StorageManager.swift */ = {isa = PBXFileReference; lastKnownFileType = sourcecode.swift; path = StorageManager.swift; sourceTree = "<group>"; };
		7C6F620229D9B8B400300603 /* AuthinticationViewViewModel.swift */ = {isa = PBXFileReference; lastKnownFileType = sourcecode.swift; path = AuthinticationViewViewModel.swift; sourceTree = "<group>"; };
		7C6F620529D9C1A900300603 /* AuthManager.swift */ = {isa = PBXFileReference; lastKnownFileType = sourcecode.swift; path = AuthManager.swift; sourceTree = "<group>"; };
		7C6F620729D9F29D00300603 /* LoginViewController.swift */ = {isa = PBXFileReference; lastKnownFileType = sourcecode.swift; path = LoginViewController.swift; sourceTree = "<group>"; };
		7C7EF4B229D615BC00336B62 /* GoogleService-Info.plist */ = {isa = PBXFileReference; fileEncoding = 4; lastKnownFileType = text.plist.xml; path = "GoogleService-Info.plist"; sourceTree = "<group>"; };
		7C7EF4C829D61ACB00336B62 /* OnboardingViewController.swift */ = {isa = PBXFileReference; lastKnownFileType = sourcecode.swift; path = OnboardingViewController.swift; sourceTree = "<group>"; };
		7C7EF4CA29D6247700336B62 /* RegisterViewController.swift */ = {isa = PBXFileReference; lastKnownFileType = sourcecode.swift; path = RegisterViewController.swift; sourceTree = "<group>"; };
		7C85F7162884A49D00611904 /* TweetTableViewCell.swift */ = {isa = PBXFileReference; lastKnownFileType = sourcecode.swift; path = TweetTableViewCell.swift; sourceTree = "<group>"; };
		7CA9980E2874D3E6005CD7D1 /* twitter.app */ = {isa = PBXFileReference; explicitFileType = wrapper.application; includeInIndex = 0; path = twitter.app; sourceTree = BUILT_PRODUCTS_DIR; };
		7CA998112874D3E6005CD7D1 /* AppDelegate.swift */ = {isa = PBXFileReference; lastKnownFileType = sourcecode.swift; path = AppDelegate.swift; sourceTree = "<group>"; };
		7CA998132874D3E6005CD7D1 /* SceneDelegate.swift */ = {isa = PBXFileReference; lastKnownFileType = sourcecode.swift; path = SceneDelegate.swift; sourceTree = "<group>"; };
		7CA998152874D3E6005CD7D1 /* MainTabBarViewController.swift */ = {isa = PBXFileReference; lastKnownFileType = sourcecode.swift; path = MainTabBarViewController.swift; sourceTree = "<group>"; };
		7CA9981A2874D3E7005CD7D1 /* Assets.xcassets */ = {isa = PBXFileReference; lastKnownFileType = folder.assetcatalog; path = Assets.xcassets; sourceTree = "<group>"; };
		7CA9981D2874D3E7005CD7D1 /* Base */ = {isa = PBXFileReference; lastKnownFileType = file.storyboard; name = Base; path = Base.lproj/LaunchScreen.storyboard; sourceTree = "<group>"; };
		7CA9981F2874D3E7005CD7D1 /* Info.plist */ = {isa = PBXFileReference; lastKnownFileType = text.plist.xml; path = Info.plist; sourceTree = "<group>"; };
		7CA998272874D6C5005CD7D1 /* HomeViewController.swift */ = {isa = PBXFileReference; lastKnownFileType = sourcecode.swift; path = HomeViewController.swift; sourceTree = "<group>"; };
		7CA998292874D6E1005CD7D1 /* SearchViewController.swift */ = {isa = PBXFileReference; lastKnownFileType = sourcecode.swift; path = SearchViewController.swift; sourceTree = "<group>"; };
		7CA9982B2874D702005CD7D1 /* NotificationsViewController.swift */ = {isa = PBXFileReference; lastKnownFileType = sourcecode.swift; path = NotificationsViewController.swift; sourceTree = "<group>"; };
		7CA9982D2874D747005CD7D1 /* DirectMessagesViewController.swift */ = {isa = PBXFileReference; lastKnownFileType = sourcecode.swift; path = DirectMessagesViewController.swift; sourceTree = "<group>"; };
		7CC6BBB829DF445000D0AE0D /* TwitterUser.swift */ = {isa = PBXFileReference; lastKnownFileType = sourcecode.swift; path = TwitterUser.swift; sourceTree = "<group>"; };
		7CC6BBBA29DF457C00D0AE0D /* DatabaseManager.swift */ = {isa = PBXFileReference; lastKnownFileType = sourcecode.swift; path = DatabaseManager.swift; sourceTree = "<group>"; };
		7CC6BBBC29DF4A7F00D0AE0D /* HomeViewViewModel.swift */ = {isa = PBXFileReference; lastKnownFileType = sourcecode.swift; path = HomeViewViewModel.swift; sourceTree = "<group>"; };
		7CC6BBBE29DF50A400D0AE0D /* ProfileDataFormViewController.swift */ = {isa = PBXFileReference; lastKnownFileType = sourcecode.swift; path = ProfileDataFormViewController.swift; sourceTree = "<group>"; };
		7CC6BBC029DF51BE00D0AE0D /* ProfileDataFormViewViewModel.swift */ = {isa = PBXFileReference; lastKnownFileType = sourcecode.swift; path = ProfileDataFormViewViewModel.swift; sourceTree = "<group>"; };
		7CD405B429E3214A00B75D8A /* _UIImage.swift */ = {isa = PBXFileReference; lastKnownFileType = sourcecode.swift; path = _UIImage.swift; sourceTree = "<group>"; };
		7CFE37A5288891100009A074 /* ProfileTableViewHeader.swift */ = {isa = PBXFileReference; lastKnownFileType = sourcecode.swift; path = ProfileTableViewHeader.swift; sourceTree = "<group>"; };
/* End PBXFileReference section */

/* Begin PBXFrameworksBuildPhase section */
		7CA9980B2874D3E6005CD7D1 /* Frameworks */ = {
			isa = PBXFrameworksBuildPhase;
			buildActionMask = 2147483647;
			files = (
				7C7EF4BC29D618CC00336B62 /* FirebaseDatabaseSwift in Frameworks */,
				7C7EF4BA29D618CC00336B62 /* FirebaseDatabase in Frameworks */,
				7C7EF4B629D618CC00336B62 /* FirebaseAuth in Frameworks */,
				7C7EF4C229D618CC00336B62 /* FirebaseFirestoreSwift in Frameworks */,
				7C7EF4C029D618CC00336B62 /* FirebaseFirestoreCombine-Community in Frameworks */,
				7C7EF4C429D618CC00336B62 /* FirebaseStorage in Frameworks */,
				7C7EF4BE29D618CC00336B62 /* FirebaseFirestore in Frameworks */,
				7C7EF4C629D618CC00336B62 /* FirebaseStorageCombine-Community in Frameworks */,
				7C7EF4B829D618CC00336B62 /* FirebaseAuthCombine-Community in Frameworks */,
			);
			runOnlyForDeploymentPostprocessing = 0;
		};
/* End PBXFrameworksBuildPhase section */

/* Begin PBXGroup section */
		7C26EA9A2886120B00D5F109 /* General */ = {
			isa = PBXGroup;
			children = (
				7C26EA9B2886127E00D5F109 /* ProfileViewController.swift */,
				7CC6BBBE29DF50A400D0AE0D /* ProfileDataFormViewController.swift */,
			);
			path = General;
			sourceTree = "<group>";
		};
		7C6F620129D9B89900300603 /* ViewModel */ = {
			isa = PBXGroup;
			children = (
				7C6F620229D9B8B400300603 /* AuthinticationViewViewModel.swift */,
				7CC6BBBC29DF4A7F00D0AE0D /* HomeViewViewModel.swift */,
				7CC6BBC029DF51BE00D0AE0D /* ProfileDataFormViewViewModel.swift */,
			);
			path = ViewModel;
			sourceTree = "<group>";
		};
		7C6F620429D9C18400300603 /* Networking */ = {
			isa = PBXGroup;
			children = (
				7C6F620529D9C1A900300603 /* AuthManager.swift */,
				7CC6BBBA29DF457C00D0AE0D /* DatabaseManager.swift */,
				7C2F1C942A02E61F0010BCFC /* StorageManager.swift */,
			);
			path = Networking;
			sourceTree = "<group>";
		};
		7C7EF4C729D61A9300336B62 /* Onboarding */ = {
			isa = PBXGroup;
			children = (
				7C7EF4C829D61ACB00336B62 /* OnboardingViewController.swift */,
				7C6F620729D9F29D00300603 /* LoginViewController.swift */,
				7C7EF4CA29D6247700336B62 /* RegisterViewController.swift */,
			);
			path = Onboarding;
			sourceTree = "<group>";
		};
		7C85F7152884A45600611904 /* Views */ = {
			isa = PBXGroup;
			children = (
				7C85F7162884A49D00611904 /* TweetTableViewCell.swift */,
				7CFE37A5288891100009A074 /* ProfileTableViewHeader.swift */,
			);
			path = Views;
			sourceTree = "<group>";
		};
		7CA998052874D3E6005CD7D1 = {
			isa = PBXGroup;
			children = (
				7CA998102874D3E6005CD7D1 /* twitter */,
				7CA9980F2874D3E6005CD7D1 /* Products */,
			);
			sourceTree = "<group>";
		};
		7CA9980F2874D3E6005CD7D1 /* Products */ = {
			isa = PBXGroup;
			children = (
				7CA9980E2874D3E6005CD7D1 /* twitter.app */,
			);
			name = Products;
			sourceTree = "<group>";
		};
		7CA998102874D3E6005CD7D1 /* twitter */ = {
			isa = PBXGroup;
			children = (
				7CD405B329E3213000B75D8A /* Extentions */,
				7CC6BBB729DF440000D0AE0D /* Models */,
				7C6F620429D9C18400300603 /* Networking */,
				7C6F620129D9B89900300603 /* ViewModel */,
				7C85F7152884A45600611904 /* Views */,
				7CA998252874D66E005CD7D1 /* Controllers */,
				7CA998112874D3E6005CD7D1 /* AppDelegate.swift */,
				7CA998132874D3E6005CD7D1 /* SceneDelegate.swift */,
				7CA998152874D3E6005CD7D1 /* MainTabBarViewController.swift */,
				7CA9981A2874D3E7005CD7D1 /* Assets.xcassets */,
				7CA9981C2874D3E7005CD7D1 /* LaunchScreen.storyboard */,
				7CA9981F2874D3E7005CD7D1 /* Info.plist */,
				7C7EF4B229D615BC00336B62 /* GoogleService-Info.plist */,
			);
			path = twitter;
			sourceTree = "<group>";
		};
		7CA998252874D66E005CD7D1 /* Controllers */ = {
			isa = PBXGroup;
			children = (
				7C7EF4C729D61A9300336B62 /* Onboarding */,
				7C26EA9A2886120B00D5F109 /* General */,
				7CA998262874D680005CD7D1 /* Core */,
			);
			path = Controllers;
			sourceTree = "<group>";
		};
		7CA998262874D680005CD7D1 /* Core */ = {
			isa = PBXGroup;
			children = (
				7CA998272874D6C5005CD7D1 /* HomeViewController.swift */,
				7CA9982B2874D702005CD7D1 /* NotificationsViewController.swift */,
				7CA9982D2874D747005CD7D1 /* DirectMessagesViewController.swift */,
				7CA998292874D6E1005CD7D1 /* SearchViewController.swift */,
			);
			path = Core;
			sourceTree = "<group>";
		};
		7CC6BBB729DF440000D0AE0D /* Models */ = {
			isa = PBXGroup;
			children = (
				7CC6BBB829DF445000D0AE0D /* TwitterUser.swift */,
			);
			path = Models;
			sourceTree = "<group>";
		};
		7CD405B329E3213000B75D8A /* Extentions */ = {
			isa = PBXGroup;
			children = (
				7CD405B429E3214A00B75D8A /* _UIImage.swift */,
			);
			path = Extentions;
			sourceTree = "<group>";
		};
/* End PBXGroup section */

/* Begin PBXNativeTarget section */
		7CA9980D2874D3E6005CD7D1 /* twitter */ = {
			isa = PBXNativeTarget;
			buildConfigurationList = 7CA998222874D3E7005CD7D1 /* Build configuration list for PBXNativeTarget "twitter" */;
			buildPhases = (
				7CA9980A2874D3E6005CD7D1 /* Sources */,
				7CA9980B2874D3E6005CD7D1 /* Frameworks */,
				7CA9980C2874D3E6005CD7D1 /* Resources */,
			);
			buildRules = (
			);
			dependencies = (
			);
			name = twitter;
			packageProductDependencies = (
				7C7EF4B529D618CC00336B62 /* FirebaseAuth */,
				7C7EF4B729D618CC00336B62 /* FirebaseAuthCombine-Community */,
				7C7EF4B929D618CC00336B62 /* FirebaseDatabase */,
				7C7EF4BB29D618CC00336B62 /* FirebaseDatabaseSwift */,
				7C7EF4BD29D618CC00336B62 /* FirebaseFirestore */,
				7C7EF4BF29D618CC00336B62 /* FirebaseFirestoreCombine-Community */,
				7C7EF4C129D618CC00336B62 /* FirebaseFirestoreSwift */,
				7C7EF4C329D618CC00336B62 /* FirebaseStorage */,
				7C7EF4C529D618CC00336B62 /* FirebaseStorageCombine-Community */,
			);
			productName = twitter;
			productReference = 7CA9980E2874D3E6005CD7D1 /* twitter.app */;
			productType = "com.apple.product-type.application";
		};
/* End PBXNativeTarget section */

/* Begin PBXProject section */
		7CA998062874D3E6005CD7D1 /* Project object */ = {
			isa = PBXProject;
			attributes = {
				BuildIndependentTargetsInParallel = 1;
				LastSwiftUpdateCheck = 1340;
				LastUpgradeCheck = 1340;
				TargetAttributes = {
					7CA9980D2874D3E6005CD7D1 = {
						CreatedOnToolsVersion = 13.4.1;
					};
				};
			};
			buildConfigurationList = 7CA998092874D3E6005CD7D1 /* Build configuration list for PBXProject "twitter" */;
			compatibilityVersion = "Xcode 13.0";
			developmentRegion = en;
			hasScannedForEncodings = 0;
			knownRegions = (
				en,
				Base,
			);
			mainGroup = 7CA998052874D3E6005CD7D1;
			packageReferences = (
				7C7EF4B429D618CC00336B62 /* XCRemoteSwiftPackageReference "firebase-ios-sdk" */,
			);
			productRefGroup = 7CA9980F2874D3E6005CD7D1 /* Products */;
			projectDirPath = "";
			projectRoot = "";
			targets = (
				7CA9980D2874D3E6005CD7D1 /* twitter */,
			);
		};
/* End PBXProject section */

/* Begin PBXResourcesBuildPhase section */
		7CA9980C2874D3E6005CD7D1 /* Resources */ = {
			isa = PBXResourcesBuildPhase;
			buildActionMask = 2147483647;
			files = (
				7CA9981E2874D3E7005CD7D1 /* LaunchScreen.storyboard in Resources */,
				7CA9981B2874D3E7005CD7D1 /* Assets.xcassets in Resources */,
				7C7EF4B329D615BC00336B62 /* GoogleService-Info.plist in Resources */,
			);
			runOnlyForDeploymentPostprocessing = 0;
		};
/* End PBXResourcesBuildPhase section */

/* Begin PBXSourcesBuildPhase section */
		7CA9980A2874D3E6005CD7D1 /* Sources */ = {
			isa = PBXSourcesBuildPhase;
			buildActionMask = 2147483647;
			files = (
				7CA9982A2874D6E1005CD7D1 /* SearchViewController.swift in Sources */,
				7C6F620629D9C1A900300603 /* AuthManager.swift in Sources */,
				7CA998162874D3E6005CD7D1 /* MainTabBarViewController.swift in Sources */,
				7C6F620829D9F29D00300603 /* LoginViewController.swift in Sources */,
				7CC6BBBB29DF457C00D0AE0D /* DatabaseManager.swift in Sources */,
				7CA998122874D3E6005CD7D1 /* AppDelegate.swift in Sources */,
				7CC6BBBD29DF4A7F00D0AE0D /* HomeViewViewModel.swift in Sources */,
				7CD405B529E3214A00B75D8A /* _UIImage.swift in Sources */,
				7C7EF4CB29D6247700336B62 /* RegisterViewController.swift in Sources */,
				7CC6BBC129DF51BE00D0AE0D /* ProfileDataFormViewViewModel.swift in Sources */,
				7CA9982C2874D702005CD7D1 /* NotificationsViewController.swift in Sources */,
				7CA998142874D3E6005CD7D1 /* SceneDelegate.swift in Sources */,
				7CA998282874D6C5005CD7D1 /* HomeViewController.swift in Sources */,
				7C2F1C952A02E61F0010BCFC /* StorageManager.swift in Sources */,
				7C26EA9C2886127E00D5F109 /* ProfileViewController.swift in Sources */,
				7C6F620329D9B8B400300603 /* AuthinticationViewViewModel.swift in Sources */,
				7CA9982E2874D747005CD7D1 /* DirectMessagesViewController.swift in Sources */,
				7CC6BBBF29DF50A400D0AE0D /* ProfileDataFormViewController.swift in Sources */,
				7CFE37A6288891100009A074 /* ProfileTableViewHeader.swift in Sources */,
				7C7EF4C929D61ACB00336B62 /* OnboardingViewController.swift in Sources */,
				7CC6BBB929DF445000D0AE0D /* TwitterUser.swift in Sources */,
				7C85F7172884A49D00611904 /* TweetTableViewCell.swift in Sources */,
			);
			runOnlyForDeploymentPostprocessing = 0;
		};
/* End PBXSourcesBuildPhase section */

/* Begin PBXVariantGroup section */
		7CA9981C2874D3E7005CD7D1 /* LaunchScreen.storyboard */ = {
			isa = PBXVariantGroup;
			children = (
				7CA9981D2874D3E7005CD7D1 /* Base */,
			);
			name = LaunchScreen.storyboard;
			sourceTree = "<group>";
		};
/* End PBXVariantGroup section */

/* Begin XCBuildConfiguration section */
		7CA998202874D3E7005CD7D1 /* Debug */ = {
			isa = XCBuildConfiguration;
			buildSettings = {
				ALWAYS_SEARCH_USER_PATHS = NO;
				CLANG_ANALYZER_NONNULL = YES;
				CLANG_ANALYZER_NUMBER_OBJECT_CONVERSION = YES_AGGRESSIVE;
				CLANG_CXX_LANGUAGE_STANDARD = "gnu++17";
				CLANG_ENABLE_MODULES = YES;
				CLANG_ENABLE_OBJC_ARC = YES;
				CLANG_ENABLE_OBJC_WEAK = YES;
				CLANG_WARN_BLOCK_CAPTURE_AUTORELEASING = YES;
				CLANG_WARN_BOOL_CONVERSION = YES;
				CLANG_WARN_COMMA = YES;
				CLANG_WARN_CONSTANT_CONVERSION = YES;
				CLANG_WARN_DEPRECATED_OBJC_IMPLEMENTATIONS = YES;
				CLANG_WARN_DIRECT_OBJC_ISA_USAGE = YES_ERROR;
				CLANG_WARN_DOCUMENTATION_COMMENTS = YES;
				CLANG_WARN_EMPTY_BODY = YES;
				CLANG_WARN_ENUM_CONVERSION = YES;
				CLANG_WARN_INFINITE_RECURSION = YES;
				CLANG_WARN_INT_CONVERSION = YES;
				CLANG_WARN_NON_LITERAL_NULL_CONVERSION = YES;
				CLANG_WARN_OBJC_IMPLICIT_RETAIN_SELF = YES;
				CLANG_WARN_OBJC_LITERAL_CONVERSION = YES;
				CLANG_WARN_OBJC_ROOT_CLASS = YES_ERROR;
				CLANG_WARN_QUOTED_INCLUDE_IN_FRAMEWORK_HEADER = YES;
				CLANG_WARN_RANGE_LOOP_ANALYSIS = YES;
				CLANG_WARN_STRICT_PROTOTYPES = YES;
				CLANG_WARN_SUSPICIOUS_MOVE = YES;
				CLANG_WARN_UNGUARDED_AVAILABILITY = YES_AGGRESSIVE;
				CLANG_WARN_UNREACHABLE_CODE = YES;
				CLANG_WARN__DUPLICATE_METHOD_MATCH = YES;
				COPY_PHASE_STRIP = NO;
				DEBUG_INFORMATION_FORMAT = dwarf;
				ENABLE_STRICT_OBJC_MSGSEND = YES;
				ENABLE_TESTABILITY = YES;
				GCC_C_LANGUAGE_STANDARD = gnu11;
				GCC_DYNAMIC_NO_PIC = NO;
				GCC_NO_COMMON_BLOCKS = YES;
				GCC_OPTIMIZATION_LEVEL = 0;
				GCC_PREPROCESSOR_DEFINITIONS = (
					"DEBUG=1",
					"$(inherited)",
				);
				GCC_WARN_64_TO_32_BIT_CONVERSION = YES;
				GCC_WARN_ABOUT_RETURN_TYPE = YES_ERROR;
				GCC_WARN_UNDECLARED_SELECTOR = YES;
				GCC_WARN_UNINITIALIZED_AUTOS = YES_AGGRESSIVE;
				GCC_WARN_UNUSED_FUNCTION = YES;
				GCC_WARN_UNUSED_VARIABLE = YES;
				IPHONEOS_DEPLOYMENT_TARGET = 15.5;
				MTL_ENABLE_DEBUG_INFO = INCLUDE_SOURCE;
				MTL_FAST_MATH = YES;
				ONLY_ACTIVE_ARCH = YES;
				SDKROOT = iphoneos;
				SWIFT_ACTIVE_COMPILATION_CONDITIONS = DEBUG;
				SWIFT_OPTIMIZATION_LEVEL = "-Onone";
			};
			name = Debug;
		};
		7CA998212874D3E7005CD7D1 /* Release */ = {
			isa = XCBuildConfiguration;
			buildSettings = {
				ALWAYS_SEARCH_USER_PATHS = NO;
				CLANG_ANALYZER_NONNULL = YES;
				CLANG_ANALYZER_NUMBER_OBJECT_CONVERSION = YES_AGGRESSIVE;
				CLANG_CXX_LANGUAGE_STANDARD = "gnu++17";
				CLANG_ENABLE_MODULES = YES;
				CLANG_ENABLE_OBJC_ARC = YES;
				CLANG_ENABLE_OBJC_WEAK = YES;
				CLANG_WARN_BLOCK_CAPTURE_AUTORELEASING = YES;
				CLANG_WARN_BOOL_CONVERSION = YES;
				CLANG_WARN_COMMA = YES;
				CLANG_WARN_CONSTANT_CONVERSION = YES;
				CLANG_WARN_DEPRECATED_OBJC_IMPLEMENTATIONS = YES;
				CLANG_WARN_DIRECT_OBJC_ISA_USAGE = YES_ERROR;
				CLANG_WARN_DOCUMENTATION_COMMENTS = YES;
				CLANG_WARN_EMPTY_BODY = YES;
				CLANG_WARN_ENUM_CONVERSION = YES;
				CLANG_WARN_INFINITE_RECURSION = YES;
				CLANG_WARN_INT_CONVERSION = YES;
				CLANG_WARN_NON_LITERAL_NULL_CONVERSION = YES;
				CLANG_WARN_OBJC_IMPLICIT_RETAIN_SELF = YES;
				CLANG_WARN_OBJC_LITERAL_CONVERSION = YES;
				CLANG_WARN_OBJC_ROOT_CLASS = YES_ERROR;
				CLANG_WARN_QUOTED_INCLUDE_IN_FRAMEWORK_HEADER = YES;
				CLANG_WARN_RANGE_LOOP_ANALYSIS = YES;
				CLANG_WARN_STRICT_PROTOTYPES = YES;
				CLANG_WARN_SUSPICIOUS_MOVE = YES;
				CLANG_WARN_UNGUARDED_AVAILABILITY = YES_AGGRESSIVE;
				CLANG_WARN_UNREACHABLE_CODE = YES;
				CLANG_WARN__DUPLICATE_METHOD_MATCH = YES;
				COPY_PHASE_STRIP = NO;
				DEBUG_INFORMATION_FORMAT = "dwarf-with-dsym";
				ENABLE_NS_ASSERTIONS = NO;
				ENABLE_STRICT_OBJC_MSGSEND = YES;
				GCC_C_LANGUAGE_STANDARD = gnu11;
				GCC_NO_COMMON_BLOCKS = YES;
				GCC_WARN_64_TO_32_BIT_CONVERSION = YES;
				GCC_WARN_ABOUT_RETURN_TYPE = YES_ERROR;
				GCC_WARN_UNDECLARED_SELECTOR = YES;
				GCC_WARN_UNINITIALIZED_AUTOS = YES_AGGRESSIVE;
				GCC_WARN_UNUSED_FUNCTION = YES;
				GCC_WARN_UNUSED_VARIABLE = YES;
				IPHONEOS_DEPLOYMENT_TARGET = 15.5;
				MTL_ENABLE_DEBUG_INFO = NO;
				MTL_FAST_MATH = YES;
				SDKROOT = iphoneos;
				SWIFT_COMPILATION_MODE = wholemodule;
				SWIFT_OPTIMIZATION_LEVEL = "-O";
				VALIDATE_PRODUCT = YES;
			};
			name = Release;
		};
		7CA998232874D3E7005CD7D1 /* Debug */ = {
			isa = XCBuildConfiguration;
			buildSettings = {
				ASSETCATALOG_COMPILER_APPICON_NAME = AppIcon;
				ASSETCATALOG_COMPILER_GLOBAL_ACCENT_COLOR_NAME = AccentColor;
				CODE_SIGN_STYLE = Automatic;
				CURRENT_PROJECT_VERSION = 1;
				DEVELOPMENT_TEAM = FHKU3K3FS3;
				GENERATE_INFOPLIST_FILE = YES;
				INFOPLIST_FILE = twitter/Info.plist;
				INFOPLIST_KEY_UIApplicationSupportsIndirectInputEvents = YES;
				INFOPLIST_KEY_UILaunchStoryboardName = LaunchScreen;
				INFOPLIST_KEY_UISupportedInterfaceOrientations_iPad = "UIInterfaceOrientationPortrait UIInterfaceOrientationPortraitUpsideDown UIInterfaceOrientationLandscapeLeft UIInterfaceOrientationLandscapeRight";
				INFOPLIST_KEY_UISupportedInterfaceOrientations_iPhone = "UIInterfaceOrientationPortrait UIInterfaceOrientationLandscapeLeft UIInterfaceOrientationLandscapeRight";
				LD_RUNPATH_SEARCH_PATHS = (
					"$(inherited)",
					"@executable_path/Frameworks",
				);
				MARKETING_VERSION = 1.0;
				PRODUCT_BUNDLE_IDENTIFIER = com.lebedinsky.twitter;
				PRODUCT_NAME = "$(TARGET_NAME)";
				SWIFT_EMIT_LOC_STRINGS = YES;
				SWIFT_VERSION = 5.0;
				TARGETED_DEVICE_FAMILY = "1,2";
			};
			name = Debug;
		};
		7CA998242874D3E7005CD7D1 /* Release */ = {
			isa = XCBuildConfiguration;
			buildSettings = {
				ASSETCATALOG_COMPILER_APPICON_NAME = AppIcon;
				ASSETCATALOG_COMPILER_GLOBAL_ACCENT_COLOR_NAME = AccentColor;
				CODE_SIGN_STYLE = Automatic;
				CURRENT_PROJECT_VERSION = 1;
				DEVELOPMENT_TEAM = FHKU3K3FS3;
				GENERATE_INFOPLIST_FILE = YES;
				INFOPLIST_FILE = twitter/Info.plist;
				INFOPLIST_KEY_UIApplicationSupportsIndirectInputEvents = YES;
				INFOPLIST_KEY_UILaunchStoryboardName = LaunchScreen;
				INFOPLIST_KEY_UISupportedInterfaceOrientations_iPad = "UIInterfaceOrientationPortrait UIInterfaceOrientationPortraitUpsideDown UIInterfaceOrientationLandscapeLeft UIInterfaceOrientationLandscapeRight";
				INFOPLIST_KEY_UISupportedInterfaceOrientations_iPhone = "UIInterfaceOrientationPortrait UIInterfaceOrientationLandscapeLeft UIInterfaceOrientationLandscapeRight";
				LD_RUNPATH_SEARCH_PATHS = (
					"$(inherited)",
					"@executable_path/Frameworks",
				);
				MARKETING_VERSION = 1.0;
				PRODUCT_BUNDLE_IDENTIFIER = com.lebedinsky.twitter;
				PRODUCT_NAME = "$(TARGET_NAME)";
				SWIFT_EMIT_LOC_STRINGS = YES;
				SWIFT_VERSION = 5.0;
				TARGETED_DEVICE_FAMILY = "1,2";
			};
			name = Release;
		};
/* End XCBuildConfiguration section */

/* Begin XCConfigurationList section */
		7CA998092874D3E6005CD7D1 /* Build configuration list for PBXProject "twitter" */ = {
			isa = XCConfigurationList;
			buildConfigurations = (
				7CA998202874D3E7005CD7D1 /* Debug */,
				7CA998212874D3E7005CD7D1 /* Release */,
			);
			defaultConfigurationIsVisible = 0;
			defaultConfigurationName = Release;
		};
		7CA998222874D3E7005CD7D1 /* Build configuration list for PBXNativeTarget "twitter" */ = {
			isa = XCConfigurationList;
			buildConfigurations = (
				7CA998232874D3E7005CD7D1 /* Debug */,
				7CA998242874D3E7005CD7D1 /* Release */,
			);
			defaultConfigurationIsVisible = 0;
			defaultConfigurationName = Release;
		};
/* End XCConfigurationList section */

/* Begin XCRemoteSwiftPackageReference section */
		7C7EF4B429D618CC00336B62 /* XCRemoteSwiftPackageReference "firebase-ios-sdk" */ = {
			isa = XCRemoteSwiftPackageReference;
			repositoryURL = "https://github.com/firebase/firebase-ios-sdk";
			requirement = {
				kind = upToNextMinorVersion;
				minimumVersion = 9.6.0;
			};
		};
/* End XCRemoteSwiftPackageReference section */

/* Begin XCSwiftPackageProductDependency section */
		7C7EF4B529D618CC00336B62 /* FirebaseAuth */ = {
			isa = XCSwiftPackageProductDependency;
			package = 7C7EF4B429D618CC00336B62 /* XCRemoteSwiftPackageReference "firebase-ios-sdk" */;
			productName = FirebaseAuth;
		};
		7C7EF4B729D618CC00336B62 /* FirebaseAuthCombine-Community */ = {
			isa = XCSwiftPackageProductDependency;
			package = 7C7EF4B429D618CC00336B62 /* XCRemoteSwiftPackageReference "firebase-ios-sdk" */;
			productName = "FirebaseAuthCombine-Community";
		};
		7C7EF4B929D618CC00336B62 /* FirebaseDatabase */ = {
			isa = XCSwiftPackageProductDependency;
			package = 7C7EF4B429D618CC00336B62 /* XCRemoteSwiftPackageReference "firebase-ios-sdk" */;
			productName = FirebaseDatabase;
		};
		7C7EF4BB29D618CC00336B62 /* FirebaseDatabaseSwift */ = {
			isa = XCSwiftPackageProductDependency;
			package = 7C7EF4B429D618CC00336B62 /* XCRemoteSwiftPackageReference "firebase-ios-sdk" */;
			productName = FirebaseDatabaseSwift;
		};
		7C7EF4BD29D618CC00336B62 /* FirebaseFirestore */ = {
			isa = XCSwiftPackageProductDependency;
			package = 7C7EF4B429D618CC00336B62 /* XCRemoteSwiftPackageReference "firebase-ios-sdk" */;
			productName = FirebaseFirestore;
		};
		7C7EF4BF29D618CC00336B62 /* FirebaseFirestoreCombine-Community */ = {
			isa = XCSwiftPackageProductDependency;
			package = 7C7EF4B429D618CC00336B62 /* XCRemoteSwiftPackageReference "firebase-ios-sdk" */;
			productName = "FirebaseFirestoreCombine-Community";
		};
		7C7EF4C129D618CC00336B62 /* FirebaseFirestoreSwift */ = {
			isa = XCSwiftPackageProductDependency;
			package = 7C7EF4B429D618CC00336B62 /* XCRemoteSwiftPackageReference "firebase-ios-sdk" */;
			productName = FirebaseFirestoreSwift;
		};
		7C7EF4C329D618CC00336B62 /* FirebaseStorage */ = {
			isa = XCSwiftPackageProductDependency;
			package = 7C7EF4B429D618CC00336B62 /* XCRemoteSwiftPackageReference "firebase-ios-sdk" */;
			productName = FirebaseStorage;
		};
		7C7EF4C529D618CC00336B62 /* FirebaseStorageCombine-Community */ = {
			isa = XCSwiftPackageProductDependency;
			package = 7C7EF4B429D618CC00336B62 /* XCRemoteSwiftPackageReference "firebase-ios-sdk" */;
			productName = "FirebaseStorageCombine-Community";
		};
/* End XCSwiftPackageProductDependency section */
	};
	rootObject = 7CA998062874D3E6005CD7D1 /* Project object */;
}
